
Microsoft Visual Studio Solution File, Format Version 12.00
# Visual Studio Version 17
VisualStudioVersion = 17.13.35806.99 d17.13
MinimumVisualStudioVersion = 10.0.40219.1
Project("{FAE04EC0-301F-11D3-BF4B-00C04F79EFBC}") = "FootballPlayerAPI", "FootballPlayerAPI\FootballPlayerAPI.csproj", "{328A20EE-ABEA-453F-9E19-DE03689D25DC}"
EndProject
Global
	GlobalSection(SolutionConfigurationPlatforms) = preSolution
		Debug|Any CPU = Debug|Any CPU
		Release|Any CPU = Release|Any CPU
	EndGlobalSection
	GlobalSection(ProjectConfigurationPlatforms) = postSolution
		{328A20EE-ABEA-453F-9E19-DE03689D25DC}.Debug|Any CPU.ActiveCfg = Debug|Any CPU
		{328A20EE-ABEA-453F-9E19-DE03689D25DC}.Debug|Any CPU.Build.0 = Debug|Any CPU
		{328A20EE-ABEA-453F-9E19-DE03689D25DC}.Release|Any CPU.ActiveCfg = Release|Any CPU
		{328A20EE-ABEA-453F-9E19-DE03689D25DC}.Release|Any CPU.Build.0 = Release|Any CPU
	EndGlobalSection
	GlobalSection(SolutionProperties) = preSolution
		HideSolutionNode = FALSE
	EndGlobalSection
	GlobalSection(ExtensibilityGlobals) = postSolution
		SolutionGuid = {F1129DFA-B4A0-4A39-B515-3A5F6E0F4D71}
	EndGlobalSection
EndGlobal
